
Microsoft Visual Studio Solution File, Format Version 12.00
# Visual Studio 15
VisualStudioVersion = 15.0.27703.2035
MinimumVisualStudioVersion = 10.0.40219.1
Project("{FAE04EC0-301F-11D3-BF4B-00C04F79EFBC}") = "SumInts", "SumInts\SumInts.csproj", "{83A4F20E-578F-4CBA-BA47-7A8B03B921AA}"
EndProject
Global
	GlobalSection(SolutionConfigurationPlatforms) = preSolution
		Debug|Any CPU = Debug|Any CPU
		Release|Any CPU = Release|Any CPU
	EndGlobalSection
	GlobalSection(ProjectConfigurationPlatforms) = postSolution
		{83A4F20E-578F-4CBA-BA47-7A8B03B921AA}.Debug|Any CPU.ActiveCfg = Debug|Any CPU
		{83A4F20E-578F-4CBA-BA47-7A8B03B921AA}.Debug|Any CPU.Build.0 = Debug|Any CPU
		{83A4F20E-578F-4CBA-BA47-7A8B03B921AA}.Release|Any CPU.ActiveCfg = Release|Any CPU
		{83A4F20E-578F-4CBA-BA47-7A8B03B921AA}.Release|Any CPU.Build.0 = Release|Any CPU
	EndGlobalSection
	GlobalSection(SolutionProperties) = preSolution
		HideSolutionNode = FALSE
	EndGlobalSection
	GlobalSection(ExtensibilityGlobals) = postSolution
		SolutionGuid = {D126235F-1765-4184-A464-EC9D2E6516F8}
	EndGlobalSection
EndGlobal
