
Microsoft Visual Studio Solution File, Format Version 12.00
# Visual Studio 15
VisualStudioVersion = 15.0.27703.2035
MinimumVisualStudioVersion = 10.0.40219.1
Project("{FAE04EC0-301F-11D3-BF4B-00C04F79EFBC}") = "TestingWhileLoops", "TestingWhileLoops\TestingWhileLoops.csproj", "{E2A1FCDB-2119-4A1C-B418-1EB8E1DBE524}"
EndProject
Global
	GlobalSection(SolutionConfigurationPlatforms) = preSolution
		Debug|Any CPU = Debug|Any CPU
		Release|Any CPU = Release|Any CPU
	EndGlobalSection
	GlobalSection(ProjectConfigurationPlatforms) = postSolution
		{E2A1FCDB-2119-4A1C-B418-1EB8E1DBE524}.Debug|Any CPU.ActiveCfg = Debug|Any CPU
		{E2A1FCDB-2119-4A1C-B418-1EB8E1DBE524}.Debug|Any CPU.Build.0 = Debug|Any CPU
		{E2A1FCDB-2119-4A1C-B418-1EB8E1DBE524}.Release|Any CPU.ActiveCfg = Release|Any CPU
		{E2A1FCDB-2119-4A1C-B418-1EB8E1DBE524}.Release|Any CPU.Build.0 = Release|Any CPU
	EndGlobalSection
	GlobalSection(SolutionProperties) = preSolution
		HideSolutionNode = FALSE
	EndGlobalSection
	GlobalSection(ExtensibilityGlobals) = postSolution
		SolutionGuid = {80D56405-DE58-4D49-9629-8FBC1BE97E11}
	EndGlobalSection
EndGlobal
